
Microsoft Visual Studio Solution File, Format Version 12.00
# Visual Studio Version 17
VisualStudioVersion = 17.7.34031.279
MinimumVisualStudioVersion = 10.0.40219.1
Project("{FAE04EC0-301F-11D3-BF4B-00C04F79EFBC}") = "TicktingApplication", "TicktingApplication.csproj", "{CAAC2D26-20CD-4746-B162-ED2D37A4D531}"
EndProject
Global
	GlobalSection(SolutionConfigurationPlatforms) = preSolution
		Debug|Any CPU = Debug|Any CPU
		Release|Any CPU = Release|Any CPU
	EndGlobalSection
	GlobalSection(ProjectConfigurationPlatforms) = postSolution
		{CAAC2D26-20CD-4746-B162-ED2D37A4D531}.Debug|Any CPU.ActiveCfg = Debug|Any CPU
		{CAAC2D26-20CD-4746-B162-ED2D37A4D531}.Debug|Any CPU.Build.0 = Debug|Any CPU
		{CAAC2D26-20CD-4746-B162-ED2D37A4D531}.Release|Any CPU.ActiveCfg = Release|Any CPU
		{CAAC2D26-20CD-4746-B162-ED2D37A4D531}.Release|Any CPU.Build.0 = Release|Any CPU
	EndGlobalSection
	GlobalSection(SolutionProperties) = preSolution
		HideSolutionNode = FALSE
	EndGlobalSection
	GlobalSection(ExtensibilityGlobals) = postSolution
		SolutionGuid = {80CAA845-7D58-4EDD-BF63-D7566A346C9A}
	EndGlobalSection
EndGlobal
